<?xml version="1.0" encoding="utf-8"?>
<Project ToolsVersion="4.0" xmlns="http://schemas.microsoft.com/developer/msbuild/2003">
  <ItemGroup>
    <Filter Include="Polygon2D">
      <UniqueIdentifier>{A392E364-0FFD-97DB-583B-4981C4E47530}</UniqueIdentifier>
    </Filter>
  </ItemGroup>
  <ItemGroup>
    <ClInclude Include="src\Polygon2D.h" />
    <ClInclude Include="src\Polygon2D\Application.h">
      <Filter>Polygon2D</Filter>
    </ClInclude>
    <ClInclude Include="src\Polygon2D\Core.h">
      <Filter>Polygon2D</Filter>
    </ClInclude>
    <ClInclude Include="src\Polygon2D\EntryPoint.h">
      <Filter>Polygon2D</Filter>
    </ClInclude>
    <ClInclude Include="src\Polygon2D\Log.h">
      <Filter>Polygon2D</Filter>
    </ClInclude>
  </ItemGroup>
  <ItemGroup>
    <ClCompile Include="src\Polygon2D\Application.cpp">
      <Filter>Polygon2D</Filter>
    </ClCompile>
    <ClCompile Include="src\Polygon2D\Log.cpp">
      <Filter>Polygon2D</Filter>
    </ClCompile>
  </ItemGroup>
</Project>